
Microsoft Visual Studio Solution File, Format Version 12.00
# Visual Studio 15
VisualStudioVersion = 15.0.28307.572
MinimumVisualStudioVersion = 10.0.40219.1
Project("{FAE04EC0-301F-11D3-BF4B-00C04F79EFBC}") = "yukqurban.Android", "yukqurban\yukqurban.Android\yukqurban.Android.csproj", "{3DE6816E-E8AC-47A6-B940-DFD91900B2FE}"
EndProject
Project("{FAE04EC0-301F-11D3-BF4B-00C04F79EFBC}") = "yukqurban.iOS", "yukqurban\yukqurban.iOS\yukqurban.iOS.csproj", "{851FEDD0-3E5B-43FA-B3BB-28EDC44AD37A}"
EndProject
Project("{FAE04EC0-301F-11D3-BF4B-00C04F79EFBC}") = "yukqurban", "yukqurban\yukqurban\yukqurban.csproj", "{622FCE52-CA60-4CA2-A010-320B32B4F9D0}"
EndProject
Global
	GlobalSection(SolutionConfigurationPlatforms) = preSolution
		Ad-Hoc|Any CPU = Ad-Hoc|Any CPU
		Ad-Hoc|iPhone = Ad-Hoc|iPhone
		Ad-Hoc|iPhoneSimulator = Ad-Hoc|iPhoneSimulator
		AppStore|Any CPU = AppStore|Any CPU
		AppStore|iPhone = AppStore|iPhone
		AppStore|iPhoneSimulator = AppStore|iPhoneSimulator
		Debug|Any CPU = Debug|Any CPU
		Debug|iPhone = Debug|iPhone
		Debug|iPhoneSimulator = Debug|iPhoneSimulator
		Release|Any CPU = Release|Any CPU
		Release|iPhone = Release|iPhone
		Release|iPhoneSimulator = Release|iPhoneSimulator
	EndGlobalSection
	GlobalSection(ProjectConfigurationPlatforms) = postSolution
		{3DE6816E-E8AC-47A6-B940-DFD91900B2FE}.Ad-Hoc|Any CPU.ActiveCfg = Release|Any CPU
		{3DE6816E-E8AC-47A6-B940-DFD91900B2FE}.Ad-Hoc|Any CPU.Build.0 = Release|Any CPU
		{3DE6816E-E8AC-47A6-B940-DFD91900B2FE}.Ad-Hoc|Any CPU.Deploy.0 = Release|Any CPU
		{3DE6816E-E8AC-47A6-B940-DFD91900B2FE}.Ad-Hoc|iPhone.ActiveCfg = Release|Any CPU
		{3DE6816E-E8AC-47A6-B940-DFD91900B2FE}.Ad-Hoc|iPhone.Build.0 = Release|Any CPU
		{3DE6816E-E8AC-47A6-B940-DFD91900B2FE}.Ad-Hoc|iPhone.Deploy.0 = Release|Any CPU
		{3DE6816E-E8AC-47A6-B940-DFD91900B2FE}.Ad-Hoc|iPhoneSimulator.ActiveCfg = Release|Any CPU
		{3DE6816E-E8AC-47A6-B940-DFD91900B2FE}.Ad-Hoc|iPhoneSimulator.Build.0 = Release|Any CPU
		{3DE6816E-E8AC-47A6-B940-DFD91900B2FE}.Ad-Hoc|iPhoneSimulator.Deploy.0 = Release|Any CPU
		{3DE6816E-E8AC-47A6-B940-DFD91900B2FE}.AppStore|Any CPU.ActiveCfg = Release|Any CPU
		{3DE6816E-E8AC-47A6-B940-DFD91900B2FE}.AppStore|Any CPU.Build.0 = Release|Any CPU
		{3DE6816E-E8AC-47A6-B940-DFD91900B2FE}.AppStore|Any CPU.Deploy.0 = Release|Any CPU
		{3DE6816E-E8AC-47A6-B940-DFD91900B2FE}.AppStore|iPhone.ActiveCfg = Release|Any CPU
		{3DE6816E-E8AC-47A6-B940-DFD91900B2FE}.AppStore|iPhone.Build.0 = Release|Any CPU
		{3DE6816E-E8AC-47A6-B940-DFD91900B2FE}.AppStore|iPhone.Deploy.0 = Release|Any CPU
		{3DE6816E-E8AC-47A6-B940-DFD91900B2FE}.AppStore|iPhoneSimulator.ActiveCfg = Release|Any CPU
		{3DE6816E-E8AC-47A6-B940-DFD91900B2FE}.AppStore|iPhoneSimulator.Build.0 = Release|Any CPU
		{3DE6816E-E8AC-47A6-B940-DFD91900B2FE}.AppStore|iPhoneSimulator.Deploy.0 = Release|Any CPU
		{3DE6816E-E8AC-47A6-B940-DFD91900B2FE}.Debug|Any CPU.ActiveCfg = Debug|Any CPU
		{3DE6816E-E8AC-47A6-B940-DFD91900B2FE}.Debug|Any CPU.Build.0 = Debug|Any CPU
		{3DE6816E-E8AC-47A6-B940-DFD91900B2FE}.Debug|Any CPU.Deploy.0 = Debug|Any CPU
		{3DE6816E-E8AC-47A6-B940-DFD91900B2FE}.Debug|iPhone.ActiveCfg = Debug|Any CPU
		{3DE6816E-E8AC-47A6-B940-DFD91900B2FE}.Debug|iPhone.Build.0 = Debug|Any CPU
		{3DE6816E-E8AC-47A6-B940-DFD91900B2FE}.Debug|iPhone.Deploy.0 = Debug|Any CPU
		{3DE6816E-E8AC-47A6-B940-DFD91900B2FE}.Debug|iPhoneSimulator.ActiveCfg = Debug|Any CPU
		{3DE6816E-E8AC-47A6-B940-DFD91900B2FE}.Debug|iPhoneSimulator.Build.0 = Debug|Any CPU
		{3DE6816E-E8AC-47A6-B940-DFD91900B2FE}.Debug|iPhoneSimulator.Deploy.0 = Debug|Any CPU
		{3DE6816E-E8AC-47A6-B940-DFD91900B2FE}.Release|Any CPU.ActiveCfg = Release|Any CPU
		{3DE6816E-E8AC-47A6-B940-DFD91900B2FE}.Release|Any CPU.Build.0 = Release|Any CPU
		{3DE6816E-E8AC-47A6-B940-DFD91900B2FE}.Release|Any CPU.Deploy.0 = Release|Any CPU
		{3DE6816E-E8AC-47A6-B940-DFD91900B2FE}.Release|iPhone.ActiveCfg = Release|Any CPU
		{3DE6816E-E8AC-47A6-B940-DFD91900B2FE}.Release|iPhone.Build.0 = Release|Any CPU
		{3DE6816E-E8AC-47A6-B940-DFD91900B2FE}.Release|iPhone.Deploy.0 = Release|Any CPU
		{3DE6816E-E8AC-47A6-B940-DFD91900B2FE}.Release|iPhoneSimulator.ActiveCfg = Release|Any CPU
		{3DE6816E-E8AC-47A6-B940-DFD91900B2FE}.Release|iPhoneSimulator.Build.0 = Release|Any CPU
		{3DE6816E-E8AC-47A6-B940-DFD91900B2FE}.Release|iPhoneSimulator.Deploy.0 = Release|Any CPU
		{851FEDD0-3E5B-43FA-B3BB-28EDC44AD37A}.Ad-Hoc|Any CPU.ActiveCfg = Ad-Hoc|iPhone
		{851FEDD0-3E5B-43FA-B3BB-28EDC44AD37A}.Ad-Hoc|Any CPU.Build.0 = Ad-Hoc|iPhone
		{851FEDD0-3E5B-43FA-B3BB-28EDC44AD37A}.Ad-Hoc|Any CPU.Deploy.0 = Ad-Hoc|iPhone
		{851FEDD0-3E5B-43FA-B3BB-28EDC44AD37A}.Ad-Hoc|iPhone.ActiveCfg = Ad-Hoc|iPhone
		{851FEDD0-3E5B-43FA-B3BB-28EDC44AD37A}.Ad-Hoc|iPhone.Build.0 = Ad-Hoc|iPhone
		{851FEDD0-3E5B-43FA-B3BB-28EDC44AD37A}.Ad-Hoc|iPhone.Deploy.0 = Ad-Hoc|iPhone
		{851FEDD0-3E5B-43FA-B3BB-28EDC44AD37A}.Ad-Hoc|iPhoneSimulator.ActiveCfg = Ad-Hoc|iPhoneSimulator
		{851FEDD0-3E5B-43FA-B3BB-28EDC44AD37A}.Ad-Hoc|iPhoneSimulator.Build.0 = Ad-Hoc|iPhoneSimulator
		{851FEDD0-3E5B-43FA-B3BB-28EDC44AD37A}.Ad-Hoc|iPhoneSimulator.Deploy.0 = Ad-Hoc|iPhoneSimulator
		{851FEDD0-3E5B-43FA-B3BB-28EDC44AD37A}.AppStore|Any CPU.ActiveCfg = AppStore|iPhone
		{851FEDD0-3E5B-43FA-B3BB-28EDC44AD37A}.AppStore|Any CPU.Build.0 = AppStore|iPhone
		{851FEDD0-3E5B-43FA-B3BB-28EDC44AD37A}.AppStore|Any CPU.Deploy.0 = AppStore|iPhone
		{851FEDD0-3E5B-43FA-B3BB-28EDC44AD37A}.AppStore|iPhone.ActiveCfg = AppStore|iPhone
		{851FEDD0-3E5B-43FA-B3BB-28EDC44AD37A}.AppStore|iPhone.Build.0 = AppStore|iPhone
		{851FEDD0-3E5B-43FA-B3BB-28EDC44AD37A}.AppStore|iPhone.Deploy.0 = AppStore|iPhone
		{851FEDD0-3E5B-43FA-B3BB-28EDC44AD37A}.AppStore|iPhoneSimulator.ActiveCfg = AppStore|iPhoneSimulator
		{851FEDD0-3E5B-43FA-B3BB-28EDC44AD37A}.AppStore|iPhoneSimulator.Build.0 = AppStore|iPhoneSimulator
		{851FEDD0-3E5B-43FA-B3BB-28EDC44AD37A}.AppStore|iPhoneSimulator.Deploy.0 = AppStore|iPhoneSimulator
		{851FEDD0-3E5B-43FA-B3BB-28EDC44AD37A}.Debug|Any CPU.ActiveCfg = Debug|iPhoneSimulator
		{851FEDD0-3E5B-43FA-B3BB-28EDC44AD37A}.Debug|Any CPU.Build.0 = Debug|iPhoneSimulator
		{851FEDD0-3E5B-43FA-B3BB-28EDC44AD37A}.Debug|Any CPU.Deploy.0 = Debug|iPhoneSimulator
		{851FEDD0-3E5B-43FA-B3BB-28EDC44AD37A}.Debug|iPhone.ActiveCfg = Debug|iPhone
		{851FEDD0-3E5B-43FA-B3BB-28EDC44AD37A}.Debug|iPhone.Build.0 = Debug|iPhone
		{851FEDD0-3E5B-43FA-B3BB-28EDC44AD37A}.Debug|iPhone.Deploy.0 = Debug|iPhone
		{851FEDD0-3E5B-43FA-B3BB-28EDC44AD37A}.Debug|iPhoneSimulator.ActiveCfg = Debug|iPhoneSimulator
		{851FEDD0-3E5B-43FA-B3BB-28EDC44AD37A}.Debug|iPhoneSimulator.Build.0 = Debug|iPhoneSimulator
		{851FEDD0-3E5B-43FA-B3BB-28EDC44AD37A}.Debug|iPhoneSimulator.Deploy.0 = Debug|iPhoneSimulator
		{851FEDD0-3E5B-43FA-B3BB-28EDC44AD37A}.Release|Any CPU.ActiveCfg = Release|iPhone
		{851FEDD0-3E5B-43FA-B3BB-28EDC44AD37A}.Release|Any CPU.Build.0 = Release|iPhone
		{851FEDD0-3E5B-43FA-B3BB-28EDC44AD37A}.Release|Any CPU.Deploy.0 = Release|iPhone
		{851FEDD0-3E5B-43FA-B3BB-28EDC44AD37A}.Release|iPhone.ActiveCfg = Release|iPhone
		{851FEDD0-3E5B-43FA-B3BB-28EDC44AD37A}.Release|iPhone.Build.0 = Release|iPhone
		{851FEDD0-3E5B-43FA-B3BB-28EDC44AD37A}.Release|iPhone.Deploy.0 = Release|iPhone
		{851FEDD0-3E5B-43FA-B3BB-28EDC44AD37A}.Release|iPhoneSimulator.ActiveCfg = Release|iPhoneSimulator
		{851FEDD0-3E5B-43FA-B3BB-28EDC44AD37A}.Release|iPhoneSimulator.Build.0 = Release|iPhoneSimulator
		{851FEDD0-3E5B-43FA-B3BB-28EDC44AD37A}.Release|iPhoneSimulator.Deploy.0 = Release|iPhoneSimulator
		{622FCE52-CA60-4CA2-A010-320B32B4F9D0}.Ad-Hoc|Any CPU.ActiveCfg = Debug|Any CPU
		{622FCE52-CA60-4CA2-A010-320B32B4F9D0}.Ad-Hoc|Any CPU.Build.0 = Debug|Any CPU
		{622FCE52-CA60-4CA2-A010-320B32B4F9D0}.Ad-Hoc|Any CPU.Deploy.0 = Debug|Any CPU
		{622FCE52-CA60-4CA2-A010-320B32B4F9D0}.Ad-Hoc|iPhone.ActiveCfg = Debug|Any CPU
		{622FCE52-CA60-4CA2-A010-320B32B4F9D0}.Ad-Hoc|iPhone.Build.0 = Debug|Any CPU
		{622FCE52-CA60-4CA2-A010-320B32B4F9D0}.Ad-Hoc|iPhone.Deploy.0 = Debug|Any CPU
		{622FCE52-CA60-4CA2-A010-320B32B4F9D0}.Ad-Hoc|iPhoneSimulator.ActiveCfg = Debug|Any CPU
		{622FCE52-CA60-4CA2-A010-320B32B4F9D0}.Ad-Hoc|iPhoneSimulator.Build.0 = Debug|Any CPU
		{622FCE52-CA60-4CA2-A010-320B32B4F9D0}.Ad-Hoc|iPhoneSimulator.Deploy.0 = Debug|Any CPU
		{622FCE52-CA60-4CA2-A010-320B32B4F9D0}.AppStore|Any CPU.ActiveCfg = Debug|Any CPU
		{622FCE52-CA60-4CA2-A010-320B32B4F9D0}.AppStore|Any CPU.Build.0 = Debug|Any CPU
		{622FCE52-CA60-4CA2-A010-320B32B4F9D0}.AppStore|Any CPU.Deploy.0 = Debug|Any CPU
		{622FCE52-CA60-4CA2-A010-320B32B4F9D0}.AppStore|iPhone.ActiveCfg = Debug|Any CPU
		{622FCE52-CA60-4CA2-A010-320B32B4F9D0}.AppStore|iPhone.Build.0 = Debug|Any CPU
		{622FCE52-CA60-4CA2-A010-320B32B4F9D0}.AppStore|iPhone.Deploy.0 = Debug|Any CPU
		{622FCE52-CA60-4CA2-A010-320B32B4F9D0}.AppStore|iPhoneSimulator.ActiveCfg = Debug|Any CPU
		{622FCE52-CA60-4CA2-A010-320B32B4F9D0}.AppStore|iPhoneSimulator.Build.0 = Debug|Any CPU
		{622FCE52-CA60-4CA2-A010-320B32B4F9D0}.AppStore|iPhoneSimulator.Deploy.0 = Debug|Any CPU
		{622FCE52-CA60-4CA2-A010-320B32B4F9D0}.Debug|Any CPU.ActiveCfg = Debug|Any CPU
		{622FCE52-CA60-4CA2-A010-320B32B4F9D0}.Debug|Any CPU.Build.0 = Debug|Any CPU
		{622FCE52-CA60-4CA2-A010-320B32B4F9D0}.Debug|Any CPU.Deploy.0 = Debug|Any CPU
		{622FCE52-CA60-4CA2-A010-320B32B4F9D0}.Debug|iPhone.ActiveCfg = Debug|Any CPU
		{622FCE52-CA60-4CA2-A010-320B32B4F9D0}.Debug|iPhone.Build.0 = Debug|Any CPU
		{622FCE52-CA60-4CA2-A010-320B32B4F9D0}.Debug|iPhone.Deploy.0 = Debug|Any CPU
		{622FCE52-CA60-4CA2-A010-320B32B4F9D0}.Debug|iPhoneSimulator.ActiveCfg = Debug|Any CPU
		{622FCE52-CA60-4CA2-A010-320B32B4F9D0}.Debug|iPhoneSimulator.Build.0 = Debug|Any CPU
		{622FCE52-CA60-4CA2-A010-320B32B4F9D0}.Debug|iPhoneSimulator.Deploy.0 = Debug|Any CPU
		{622FCE52-CA60-4CA2-A010-320B32B4F9D0}.Release|Any CPU.ActiveCfg = Release|Any CPU
		{622FCE52-CA60-4CA2-A010-320B32B4F9D0}.Release|Any CPU.Build.0 = Release|Any CPU
		{622FCE52-CA60-4CA2-A010-320B32B4F9D0}.Release|Any CPU.Deploy.0 = Release|Any CPU
		{622FCE52-CA60-4CA2-A010-320B32B4F9D0}.Release|iPhone.ActiveCfg = Release|Any CPU
		{622FCE52-CA60-4CA2-A010-320B32B4F9D0}.Release|iPhone.Build.0 = Release|Any CPU
		{622FCE52-CA60-4CA2-A010-320B32B4F9D0}.Release|iPhone.Deploy.0 = Release|Any CPU
		{622FCE52-CA60-4CA2-A010-320B32B4F9D0}.Release|iPhoneSimulator.ActiveCfg = Release|Any CPU
		{622FCE52-CA60-4CA2-A010-320B32B4F9D0}.Release|iPhoneSimulator.Build.0 = Release|Any CPU
		{622FCE52-CA60-4CA2-A010-320B32B4F9D0}.Release|iPhoneSimulator.Deploy.0 = Release|Any CPU
	EndGlobalSection
	GlobalSection(SolutionProperties) = preSolution
		HideSolutionNode = FALSE
	EndGlobalSection
	GlobalSection(ExtensibilityGlobals) = postSolution
		SolutionGuid = {FF097D64-6B53-4956-997E-A9CFAF6CD47D}
	EndGlobalSection
EndGlobal
